github.com/kei2100/filesharedelete v0.0.0-20210814234627-59643fb948be h1:LMLonPt++3E0KsJ1f8ISjZgqv7rVUrmYN/pee8630+8=
github.com/kei2100/filesharedelete v0.0.0-20210814234627-59643fb948be/go.mod h1:5O/LGCcam1cZ+Ob/GKhXB9hFAXj5TGVxHuC7qHDDXhg=
github.com/mitchellh/go-ps v1.0.0 h1:i6ampVEEF4wQFF+bkYfwYgY+F/uYJDktmvLPf7qIgjc=
github.com/mitchellh/go-ps v1.0.0/go.mod h1:J4lOc8z8yJs6vUwklHw2XEIiT4z4C40KtWVN3nvg8Pg=
golang.org/x/sync v0.4.0 h1:zxkM55ReGkDlKSM+Fu41A+zmbZuaPVbGMzvvdUPznYQ=
golang.org/x/sync v0.4.0/go.mod h1:FU7BRWz2tNW+3quACPkgCx/L+uEAv1htQ0V83Z9Rj+Y=
